# This file is autogenerated, do not edit; changes may be undone by the next 'dep ensure'.


[[projects]]
  branch = "master"
  name = "github.com/streadway/quantile"
  packages = ["."]
  revision = "b0c588724d25ae13f5afb3d90efec0edc636432b"

[[projects]]
  name = "github.com/tsenart/vegeta"
  packages = ["lib"]
  revision = "9f28db162ce19bb52817af4fd9b5801b1f2772c5"
  version = "v6.3.0"

[[projects]]
  branch = "master"
  name = "golang.org/x/net"
  packages = ["http2","http2/hpack","idna","lex/httplex"]
  revision = "57efc9c3d9f91fb3277f8da1cff370539c4d3dc5"

[[projects]]
  branch = "master"
  name = "golang.org/x/text"
  packages = ["internal/gen","internal/triegen","internal/ucd","secure/bidirule","transform","unicode/bidi","unicode/cldr","unicode/norm","unicode/rangetable"]
  revision = "ac87088df8ef557f1e32cd00ed0b6fbc3f7ddafb"

[solve-meta]
  analyzer-name = "dep"
  analyzer-version = 1
  inputs-digest = "df36134f9e1aecd0b8b5b9ea778009183d7f58e85bf0573e8a3cac99dcf9a50a"
  solver-name = "gps-cdcl"
  solver-version = 1
